
Microsoft Visual Studio Solution File, Format Version 12.00
# Visual Studio Version 17
VisualStudioVersion = 17.10.35122.118
MinimumVisualStudioVersion = 10.0.40219.1
Project("{FAE04EC0-301F-11D3-BF4B-00C04F79EFBC}") = "TableStorageFunction", "TableStorageFunction.csproj", "{A264F9CD-3AAE-4323-BA8F-4223837D5458}"
EndProject
Global
	GlobalSection(SolutionConfigurationPlatforms) = preSolution
		Debug|Any CPU = Debug|Any CPU
		Release|Any CPU = Release|Any CPU
	EndGlobalSection
	GlobalSection(ProjectConfigurationPlatforms) = postSolution
		{A264F9CD-3AAE-4323-BA8F-4223837D5458}.Debug|Any CPU.ActiveCfg = Debug|Any CPU
		{A264F9CD-3AAE-4323-BA8F-4223837D5458}.Debug|Any CPU.Build.0 = Debug|Any CPU
		{A264F9CD-3AAE-4323-BA8F-4223837D5458}.Release|Any CPU.ActiveCfg = Release|Any CPU
		{A264F9CD-3AAE-4323-BA8F-4223837D5458}.Release|Any CPU.Build.0 = Release|Any CPU
	EndGlobalSection
	GlobalSection(SolutionProperties) = preSolution
		HideSolutionNode = FALSE
	EndGlobalSection
	GlobalSection(ExtensibilityGlobals) = postSolution
		SolutionGuid = {71F2392D-05FE-45A0-B259-363DFB840177}
	EndGlobalSection
EndGlobal
